// !$*UTF8*$!
{
	archiveVersion = 1;
	classes = {
	};
	objectVersion = 46;
	objects = {

/* Begin PBXBuildFile section */
		CFE43E881E520FBB008626E8 /* AppDelegate.swift in Sources */ = {isa = PBXBuildFile; fileRef = CFE43E871E520FBB008626E8 /* AppDelegate.swift */; };
		CFE43E8A1E520FBB008626E8 /* ViewController.swift in Sources */ = {isa = PBXBuildFile; fileRef = CFE43E891E520FBB008626E8 /* ViewController.swift */; };
		CFE43E8D1E520FBB008626E8 /* Main.storyboard in Resources */ = {isa = PBXBuildFile; fileRef = CFE43E8B1E520FBB008626E8 /* Main.storyboard */; };
		CFE43E8F1E520FBB008626E8 /* Assets.xcassets in Resources */ = {isa = PBXBuildFile; fileRef = CFE43E8E1E520FBB008626E8 /* Assets.xcassets */; };
		CFE43E921E520FBB008626E8 /* LaunchScreen.storyboard in Resources */ = {isa = PBXBuildFile; fileRef = CFE43E901E520FBB008626E8 /* LaunchScreen.storyboard */; };
/* End PBXBuildFile section */

/* Begin PBXFileReference section */
		CFE43E841E520FBB008626E8 /* NiubilityCalculator.app */ = {isa = PBXFileReference; explicitFileType = wrapper.application; includeInIndex = 0; path = NiubilityCalculator.app; sourceTree = BUILT_PRODUCTS_DIR; };
		CFE43E871E520FBB008626E8 /* AppDelegate.swift */ = {isa = PBXFileReference; lastKnownFileType = sourcecode.swift; path = AppDelegate.swift; sourceTree = "<group>"; };
		CFE43E891E520FBB008626E8 /* ViewController.swift */ = {isa = PBXFileReference; lastKnownFileType = sourcecode.swift; path = ViewController.swift; sourceTree = "<group>"; };
		CFE43E8C1E520FBB008626E8 /* Base */ = {isa = PBXFileReference; lastKnownFileType = file.storyboard; name = Base; path = Base.lproj/Main.storyboard; sourceTree = "<group>"; };
		CFE43E8E1E520FBB008626E8 /* Assets.xcassets */ = {isa = PBXFileReference; lastKnownFileType = folder.assetcatalog; path = Assets.xcassets; sourceTree = "<group>"; };
		CFE43E911E520FBB008626E8 /* Base */ = {isa = PBXFileReference; lastKnownFileType = file.storyboard; name = Base; path = Base.lproj/LaunchScreen.storyboard; sourceTree = "<group>"; };
		CFE43E931E520FBB008626E8 /* Info.plist */ = {isa = PBXFileReference; lastKnownFileType = text.plist.xml; path = Info.plist; sourceTree = "<group>"; };
/* End PBXFileReference section */

/* Begin PBXFrameworksBuildPhase section */
		CFE43E811E520FBB008626E8 /* Frameworks */ = {
			isa = PBXFrameworksBuildPhase;
			buildActionMask = 2147483647;
			files = (
			);
			runOnlyForDeploymentPostprocessing = 0;
		};
/* End PBXFrameworksBuildPhase section */

/* Begin PBXGroup section */
		CFE43E7B1E520FBB008626E8 = {
			isa = PBXGroup;
			children = (
				CFE43E861E520FBB008626E8 /* NiubilityCalculator */,
				CFE43E851E520FBB008626E8 /* Products */,
			);
			sourceTree = "<group>";
		};
		CFE43E851E520FBB008626E8 /* Products */ = {
			isa = PBXGroup;
			children = (
				CFE43E841E520FBB008626E8 /* NiubilityCalculator.app */,
			);
			name = Products;
			sourceTree = "<group>";
		};
		CFE43E861E520FBB008626E8 /* NiubilityCalculator */ = {
			isa = PBXGroup;
			children = (
				CFE43E871E520FBB008626E8 /* AppDelegate.swift */,
				CFE43E891E520FBB008626E8 /* ViewController.swift */,
				CFE43E8B1E520FBB008626E8 /* Main.storyboard */,
				CFE43E8E1E520FBB008626E8 /* Assets.xcassets */,
				CFE43E901E520FBB008626E8 /* LaunchScreen.storyboard */,
				CFE43E931E520FBB008626E8 /* Info.plist */,
			);
			path = NiubilityCalculator;
			sourceTree = "<group>";
		};
/* End PBXGroup section */

/* Begin PBXNativeTarget section */
		CFE43E831E520FBB008626E8 /* NiubilityCalculator */ = {
			isa = PBXNativeTarget;
			buildConfigurationList = CFE43E961E520FBB008626E8 /* Build configuration list for PBXNativeTarget "NiubilityCalculator" */;
			buildPhases = (
				CFE43E801E520FBB008626E8 /* Sources */,
				CFE43E811E520FBB008626E8 /* Frameworks */,
				CFE43E821E520FBB008626E8 /* Resources */,
			);
			buildRules = (
			);
			dependencies = (
			);
			name = NiubilityCalculator;
			productName = NiubilityCalculator;
			productReference = CFE43E841E520FBB008626E8 /* NiubilityCalculator.app */;
			productType = "com.apple.product-type.application";
		};
/* End PBXNativeTarget section */

/* Begin PBXProject section */
		CFE43E7C1E520FBB008626E8 /* Project object */ = {
			isa = PBXProject;
			attributes = {
				LastSwiftUpdateCheck = 0820;
				LastUpgradeCheck = 0820;
				ORGANIZATIONNAME = "季阳";
				TargetAttributes = {
					CFE43E831E520FBB008626E8 = {
						CreatedOnToolsVersion = 8.2.1;
						ProvisioningStyle = Automatic;
					};
				};
			};
			buildConfigurationList = CFE43E7F1E520FBB008626E8 /* Build configuration list for PBXProject "NiubilityCalculator" */;
			compatibilityVersion = "Xcode 3.2";
			developmentRegion = English;
			hasScannedForEncodings = 0;
			knownRegions = (
				en,
				Base,
			);
			mainGroup = CFE43E7B1E520FBB008626E8;
			productRefGroup = CFE43E851E520FBB008626E8 /* Products */;
			projectDirPath = "";
			projectRoot = "";
			targets = (
				CFE43E831E520FBB008626E8 /* NiubilityCalculator */,
			);
		};
/* End PBXProject section */

/* Begin PBXResourcesBuildPhase section */
		CFE43E821E520FBB008626E8 /* Resources */ = {
			isa = PBXResourcesBuildPhase;
			buildActionMask = 2147483647;
			files = (
				CFE43E921E520FBB008626E8 /* LaunchScreen.storyboard in Resources */,
				CFE43E8F1E520FBB008626E8 /* Assets.xcassets in Resources */,
				CFE43E8D1E520FBB008626E8 /* Main.storyboard in Resources */,
			);
			runOnlyForDeploymentPostprocessing = 0;
		};
/* End PBXResourcesBuildPhase section */

/* Begin PBXSourcesBuildPhase section */
		CFE43E801E520FBB008626E8 /* Sources */ = {
			isa = PBXSourcesBuildPhase;
			buildActionMask = 2147483647;
			files = (
				CFE43E8A1E520FBB008626E8 /* ViewController.swift in Sources */,
				CFE43E881E520FBB008626E8 /* AppDelegate.swift in Sources */,
			);
			runOnlyForDeploymentPostprocessing = 0;
		};
/* End PBXSourcesBuildPhase section */

/* Begin PBXVariantGroup section */
		CFE43E8B1E520FBB008626E8 /* Main.storyboard */ = {
			isa = PBXVariantGroup;
			children = (
				CFE43E8C1E520FBB008626E8 /* Base */,
			);
			name = Main.storyboard;
			sourceTree = "<group>";
		};
		CFE43E901E520FBB008626E8 /* LaunchScreen.storyboard */ = {
			isa = PBXVariantGroup;
			children = (
				CFE43E911E520FBB008626E8 /* Base */,
			);
			name = LaunchScreen.storyboard;
			sourceTree = "<group>";
		};
/* End PBXVariantGroup section */

/* Begin XCBuildConfiguration section */
		CFE43E941E520FBB008626E8 /* Debug */ = {
			isa = XCBuildConfiguration;
			buildSettings = {
				ALWAYS_SEARCH_USER_PATHS = NO;
				CLANG_ANALYZER_NONNULL = YES;
				CLANG_CXX_LANGUAGE_STANDARD = "gnu++0x";
				CLANG_CXX_LIBRARY = "libc++";
				CLANG_ENABLE_MODULES = YES;
				CLANG_ENABLE_OBJC_ARC = YES;
				CLANG_WARN_BOOL_CONVERSION = YES;
				CLANG_WARN_CONSTANT_CONVERSION = YES;
				CLANG_WARN_DIRECT_OBJC_ISA_USAGE = YES_ERROR;
				CLANG_WARN_DOCUMENTATION_COMMENTS = YES;
				CLANG_WARN_EMPTY_BODY = YES;
				CLANG_WARN_ENUM_CONVERSION = YES;
				CLANG_WARN_INFINITE_RECURSION = YES;
				CLANG_WARN_INT_CONVERSION = YES;
				CLANG_WARN_OBJC_ROOT_CLASS = YES_ERROR;
				CLANG_WARN_SUSPICIOUS_MOVE = YES;
				CLANG_WARN_UNREACHABLE_CODE = YES;
				CLANG_WARN__DUPLICATE_METHOD_MATCH = YES;
				"CODE_SIGN_IDENTITY[sdk=iphoneos*]" = "iPhone Developer";
				COPY_PHASE_STRIP = NO;
				DEBUG_INFORMATION_FORMAT = dwarf;
				ENABLE_STRICT_OBJC_MSGSEND = YES;
				ENABLE_TESTABILITY = YES;
				GCC_C_LANGUAGE_STANDARD = gnu99;
				GCC_DYNAMIC_NO_PIC = NO;
				GCC_NO_COMMON_BLOCKS = YES;
				GCC_OPTIMIZATION_LEVEL = 0;
				GCC_PREPROCESSOR_DEFINITIONS = (
					"DEBUG=1",
					"$(inherited)",
				);
				GCC_WARN_64_TO_32_BIT_CONVERSION = YES;
				GCC_WARN_ABOUT_RETURN_TYPE = YES_ERROR;
				GCC_WARN_UNDECLARED_SELECTOR = YES;
				GCC_WARN_UNINITIALIZED_AUTOS = YES_AGGRESSIVE;
				GCC_WARN_UNUSED_FUNCTION = YES;
				GCC_WARN_UNUSED_VARIABLE = YES;
				IPHONEOS_DEPLOYMENT_TARGET = 10.2;
				MTL_ENABLE_DEBUG_INFO = YES;
				ONLY_ACTIVE_ARCH = YES;
				SDKROOT = iphoneos;
				SWIFT_ACTIVE_COMPILATION_CONDITIONS = DEBUG;
				SWIFT_OPTIMIZATION_LEVEL = "-Onone";
			};
			name = Debug;
		};
		CFE43E951E520FBB008626E8 /* Release */ = {
			isa = XCBuildConfiguration;
			buildSettings = {
				ALWAYS_SEARCH_USER_PATHS = NO;
				CLANG_ANALYZER_NONNULL = YES;
				CLANG_CXX_LANGUAGE_STANDARD = "gnu++0x";
				CLANG_CXX_LIBRARY = "libc++";
				CLANG_ENABLE_MODULES = YES;
				CLANG_ENABLE_OBJC_ARC = YES;
				CLANG_WARN_BOOL_CONVERSION = YES;
				CLANG_WARN_CONSTANT_CONVERSION = YES;
				CLANG_WARN_DIRECT_OBJC_ISA_USAGE = YES_ERROR;
				CLANG_WARN_DOCUMENTATION_COMMENTS = YES;
				CLANG_WARN_EMPTY_BODY = YES;
				CLANG_WARN_ENUM_CONVERSION = YES;
				CLANG_WARN_INFINITE_RECURSION = YES;
				CLANG_WARN_INT_CONVERSION = YES;
				CLANG_WARN_OBJC_ROOT_CLASS = YES_ERROR;
				CLANG_WARN_SUSPICIOUS_MOVE = YES;
				CLANG_WARN_UNREACHABLE_CODE = YES;
				CLANG_WARN__DUPLICATE_METHOD_MATCH = YES;
				"CODE_SIGN_IDENTITY[sdk=iphoneos*]" = "iPhone Developer";
				COPY_PHASE_STRIP = NO;
				DEBUG_INFORMATION_FORMAT = "dwarf-with-dsym";
				ENABLE_NS_ASSERTIONS = NO;
				ENABLE_STRICT_OBJC_MSGSEND = YES;
				GCC_C_LANGUAGE_STANDARD = gnu99;
				GCC_NO_COMMON_BLOCKS = YES;
				GCC_WARN_64_TO_32_BIT_CONVERSION = YES;
				GCC_WARN_ABOUT_RETURN_TYPE = YES_ERROR;
				GCC_WARN_UNDECLARED_SELECTOR = YES;
				GCC_WARN_UNINITIALIZED_AUTOS = YES_AGGRESSIVE;
				GCC_WARN_UNUSED_FUNCTION = YES;
				GCC_WARN_UNUSED_VARIABLE = YES;
				IPHONEOS_DEPLOYMENT_TARGET = 10.2;
				MTL_ENABLE_DEBUG_INFO = NO;
				SDKROOT = iphoneos;
				SWIFT_OPTIMIZATION_LEVEL = "-Owholemodule";
				VALIDATE_PRODUCT = YES;
			};
			name = Release;
		};
		CFE43E971E520FBB008626E8 /* Debug */ = {
			isa = XCBuildConfiguration;
			buildSettings = {
				ASSETCATALOG_COMPILER_APPICON_NAME = AppIcon;
				INFOPLIST_FILE = NiubilityCalculator/Info.plist;
				LD_RUNPATH_SEARCH_PATHS = "$(inherited) @executable_path/Frameworks";
				PRODUCT_BUNDLE_IDENTIFIER = com.jiyang.NiubilityCalculator;
				PRODUCT_NAME = "$(TARGET_NAME)";
				SWIFT_VERSION = 3.0;
			};
			name = Debug;
		};
		CFE43E981E520FBB008626E8 /* Release */ = {
			isa = XCBuildConfiguration;
			buildSettings = {
				ASSETCATALOG_COMPILER_APPICON_NAME = AppIcon;
				INFOPLIST_FILE = NiubilityCalculator/Info.plist;
				LD_RUNPATH_SEARCH_PATHS = "$(inherited) @executable_path/Frameworks";
				PRODUCT_BUNDLE_IDENTIFIER = com.jiyang.NiubilityCalculator;
				PRODUCT_NAME = "$(TARGET_NAME)";
				SWIFT_VERSION = 3.0;
			};
			name = Release;
		};
/* End XCBuildConfiguration section */

/* Begin XCConfigurationList section */
		CFE43E7F1E520FBB008626E8 /* Build configuration list for PBXProject "NiubilityCalculator" */ = {
			isa = XCConfigurationList;
			buildConfigurations = (
				CFE43E941E520FBB008626E8 /* Debug */,
				CFE43E951E520FBB008626E8 /* Release */,
			);
			defaultConfigurationIsVisible = 0;
			defaultConfigurationName = Release;
		};
		CFE43E961E520FBB008626E8 /* Build configuration list for PBXNativeTarget "NiubilityCalculator" */ = {
			isa = XCConfigurationList;
			buildConfigurations = (
				CFE43E971E520FBB008626E8 /* Debug */,
				CFE43E981E520FBB008626E8 /* Release */,
			);
			defaultConfigurationIsVisible = 0;
		};
/* End XCConfigurationList section */
	};
	rootObject = CFE43E7C1E520FBB008626E8 /* Project object */;
}
